
Microsoft Visual Studio Solution File, Format Version 12.00
# Visual Studio Version 17
VisualStudioVersion = 17.5.33414.496
MinimumVisualStudioVersion = 10.0.40219.1
Project("{FAE04EC0-301F-11D3-BF4B-00C04F79EFBC}") = "Postage.Launcher", "Postage.Launcher\Postage.Launcher.csproj", "{22A2F791-A20D-4DB9-B0CD-BD0EA915958D}"
EndProject
Project("{FAE04EC0-301F-11D3-BF4B-00C04F79EFBC}") = "Postage.ServerModifier", "Postage.ServerModifier\Postage.ServerModifier.csproj", "{37AB123F-4EE2-4FBA-AAC5-337DAF92AEF7}"
EndProject
Project("{FAE04EC0-301F-11D3-BF4B-00C04F79EFBC}") = "Postage.Core", "Postage.Core\Postage.Core.csproj", "{9E2FFD26-3774-4671-8F44-6C99CF17C6BB}"
EndProject
Global
	GlobalSection(SolutionConfigurationPlatforms) = preSolution
		Debug|Any CPU = Debug|Any CPU
		Release|Any CPU = Release|Any CPU
	EndGlobalSection
	GlobalSection(ProjectConfigurationPlatforms) = postSolution
		{22A2F791-A20D-4DB9-B0CD-BD0EA915958D}.Debug|Any CPU.ActiveCfg = Debug|Any CPU
		{22A2F791-A20D-4DB9-B0CD-BD0EA915958D}.Debug|Any CPU.Build.0 = Debug|Any CPU
		{22A2F791-A20D-4DB9-B0CD-BD0EA915958D}.Release|Any CPU.ActiveCfg = Release|Any CPU
		{22A2F791-A20D-4DB9-B0CD-BD0EA915958D}.Release|Any CPU.Build.0 = Release|Any CPU
		{37AB123F-4EE2-4FBA-AAC5-337DAF92AEF7}.Debug|Any CPU.ActiveCfg = Debug|Any CPU
		{37AB123F-4EE2-4FBA-AAC5-337DAF92AEF7}.Debug|Any CPU.Build.0 = Debug|Any CPU
		{37AB123F-4EE2-4FBA-AAC5-337DAF92AEF7}.Release|Any CPU.ActiveCfg = Release|Any CPU
		{37AB123F-4EE2-4FBA-AAC5-337DAF92AEF7}.Release|Any CPU.Build.0 = Release|Any CPU
		{9E2FFD26-3774-4671-8F44-6C99CF17C6BB}.Debug|Any CPU.ActiveCfg = Debug|Any CPU
		{9E2FFD26-3774-4671-8F44-6C99CF17C6BB}.Debug|Any CPU.Build.0 = Debug|Any CPU
		{9E2FFD26-3774-4671-8F44-6C99CF17C6BB}.Release|Any CPU.ActiveCfg = Release|Any CPU
		{9E2FFD26-3774-4671-8F44-6C99CF17C6BB}.Release|Any CPU.Build.0 = Release|Any CPU
	EndGlobalSection
	GlobalSection(SolutionProperties) = preSolution
		HideSolutionNode = FALSE
	EndGlobalSection
	GlobalSection(ExtensibilityGlobals) = postSolution
		SolutionGuid = {1B4A640A-A531-401B-B93C-0512D57C06B9}
	EndGlobalSection
EndGlobal
